
Microsoft Visual Studio Solution File, Format Version 12.00
# Visual Studio Version 16
VisualStudioVersion = 16.0.32228.343
MinimumVisualStudioVersion = 10.0.40219.1
Project("{FAE04EC0-301F-11D3-BF4B-00C04F79EFBC}") = "PMSMVC", "PMSMVC.csproj", "{7697FDF1-FD73-40F0-B3BC-C61744A19321}"
EndProject
Global
	GlobalSection(SolutionConfigurationPlatforms) = preSolution
		Debug|Any CPU = Debug|Any CPU
		Release|Any CPU = Release|Any CPU
	EndGlobalSection
	GlobalSection(ProjectConfigurationPlatforms) = postSolution
		{7697FDF1-FD73-40F0-B3BC-C61744A19321}.Debug|Any CPU.ActiveCfg = Debug|Any CPU
		{7697FDF1-FD73-40F0-B3BC-C61744A19321}.Debug|Any CPU.Build.0 = Debug|Any CPU
		{7697FDF1-FD73-40F0-B3BC-C61744A19321}.Release|Any CPU.ActiveCfg = Release|Any CPU
		{7697FDF1-FD73-40F0-B3BC-C61744A19321}.Release|Any CPU.Build.0 = Release|Any CPU
	EndGlobalSection
	GlobalSection(SolutionProperties) = preSolution
		HideSolutionNode = FALSE
	EndGlobalSection
	GlobalSection(ExtensibilityGlobals) = postSolution
		SolutionGuid = {C8EBB176-93EE-4A0D-BC04-CDA88500D68F}
	EndGlobalSection
EndGlobal
